
Microsoft Visual Studio Solution File, Format Version 12.00
Project("{FAE04EC0-301F-11D3-BF4B-00C04F79EFBC}") = "DictionaryApi", "src\DictionaryApi\DictionaryApi.csproj", "{BD471848-750C-4262-8C59-FDB37EAB8F99}"
EndProject
Project("{2150E333-8FDC-42A3-9474-1A3956D46DE8}") = "src", "src", "{164869FB-B564-43C0-BB11-47F7C1AAFBCE}"
EndProject
Global
	GlobalSection(SolutionConfigurationPlatforms) = preSolution
		Debug|Any CPU = Debug|Any CPU
		Release|Any CPU = Release|Any CPU
	EndGlobalSection
	GlobalSection(ProjectConfigurationPlatforms) = postSolution
		{BD471848-750C-4262-8C59-FDB37EAB8F99}.Debug|Any CPU.ActiveCfg = Debug|Any CPU
		{BD471848-750C-4262-8C59-FDB37EAB8F99}.Debug|Any CPU.Build.0 = Debug|Any CPU
		{BD471848-750C-4262-8C59-FDB37EAB8F99}.Release|Any CPU.ActiveCfg = Release|Any CPU
		{BD471848-750C-4262-8C59-FDB37EAB8F99}.Release|Any CPU.Build.0 = Release|Any CPU
	EndGlobalSection
	GlobalSection(NestedProjects) = preSolution
		{BD471848-750C-4262-8C59-FDB37EAB8F99} = {164869FB-B564-43C0-BB11-47F7C1AAFBCE}
	EndGlobalSection
EndGlobal
